
Microsoft Visual Studio Solution File, Format Version 10.00
# Visual Studio 2008
Project("{FAE04EC0-301F-11D3-BF4B-00C04F79EFBC}") = "Formel-1-Ticker", "Formel-1-Ticker\Formel-1-Ticker.csproj", "{169DD0FF-31D9-4440-B72B-7B2573576CD5}"
EndProject
Global
	GlobalSection(TeamFoundationVersionControl) = preSolution
		SccNumberOfProjects = 2
		SccEnterpriseProvider = {4CA58AB2-18FA-4F8D-95D4-32DDF27D184C}
		SccTeamFoundationServer = https://tfs06.codeplex.com/
		SccLocalPath0 = .
		SccProjectUniqueName1 = Formel-1-Ticker\\Formel-1-Ticker.csproj
		SccProjectName1 = Formel-1-Ticker
		SccLocalPath1 = Formel-1-Ticker
	EndGlobalSection
	GlobalSection(SolutionConfigurationPlatforms) = preSolution
		None|Any CPU = None|Any CPU
	EndGlobalSection
	GlobalSection(ProjectConfigurationPlatforms) = postSolution
		{169DD0FF-31D9-4440-B72B-7B2573576CD5}.None|Any CPU.ActiveCfg = None|Any CPU
	EndGlobalSection
	GlobalSection(SolutionProperties) = preSolution
		HideSolutionNode = FALSE
	EndGlobalSection
EndGlobal
